// !$*UTF8*$!
{
	archiveVersion = 1;
	classes = {
	};
	objectVersion = 50;
	objects = {

/* Begin PBXBuildFile section */
		C4992EF82535A9C30022D42F /* DesignCodeRecordApp.swift in Sources */ = {isa = PBXBuildFile; fileRef = C4992EF72535A9C30022D42F /* DesignCodeRecordApp.swift */; };
		C4992EFA2535A9C30022D42F /* ContentView.swift in Sources */ = {isa = PBXBuildFile; fileRef = C4992EF92535A9C30022D42F /* ContentView.swift */; };
		C4992EFC2535A9C40022D42F /* Assets.xcassets in Resources */ = {isa = PBXBuildFile; fileRef = C4992EFB2535A9C40022D42F /* Assets.xcassets */; };
		C4992EFF2535A9C40022D42F /* Preview Assets.xcassets in Resources */ = {isa = PBXBuildFile; fileRef = C4992EFE2535A9C40022D42F /* Preview Assets.xcassets */; };
		C4992F0A2535A9C40022D42F /* DesignCodeRecordTests.swift in Sources */ = {isa = PBXBuildFile; fileRef = C4992F092535A9C40022D42F /* DesignCodeRecordTests.swift */; };
		C4992F152535A9C40022D42F /* DesignCodeRecordUITests.swift in Sources */ = {isa = PBXBuildFile; fileRef = C4992F142535A9C40022D42F /* DesignCodeRecordUITests.swift */; };
/* End PBXBuildFile section */

/* Begin PBXContainerItemProxy section */
		C4992F062535A9C40022D42F /* PBXContainerItemProxy */ = {
			isa = PBXContainerItemProxy;
			containerPortal = C4992EEC2535A9C30022D42F /* Project object */;
			proxyType = 1;
			remoteGlobalIDString = C4992EF32535A9C30022D42F;
			remoteInfo = DesignCodeRecord;
		};
		C4992F112535A9C40022D42F /* PBXContainerItemProxy */ = {
			isa = PBXContainerItemProxy;
			containerPortal = C4992EEC2535A9C30022D42F /* Project object */;
			proxyType = 1;
			remoteGlobalIDString = C4992EF32535A9C30022D42F;
			remoteInfo = DesignCodeRecord;
		};
/* End PBXContainerItemProxy section */

/* Begin PBXFileReference section */
		C4992EF42535A9C30022D42F /* DesignCodeRecord.app */ = {isa = PBXFileReference; explicitFileType = wrapper.application; includeInIndex = 0; path = DesignCodeRecord.app; sourceTree = BUILT_PRODUCTS_DIR; };
		C4992EF72535A9C30022D42F /* DesignCodeRecordApp.swift */ = {isa = PBXFileReference; lastKnownFileType = sourcecode.swift; path = DesignCodeRecordApp.swift; sourceTree = "<group>"; };
		C4992EF92535A9C30022D42F /* ContentView.swift */ = {isa = PBXFileReference; lastKnownFileType = sourcecode.swift; path = ContentView.swift; sourceTree = "<group>"; };
		C4992EFB2535A9C40022D42F /* Assets.xcassets */ = {isa = PBXFileReference; lastKnownFileType = folder.assetcatalog; path = Assets.xcassets; sourceTree = "<group>"; };
		C4992EFE2535A9C40022D42F /* Preview Assets.xcassets */ = {isa = PBXFileReference; lastKnownFileType = folder.assetcatalog; path = "Preview Assets.xcassets"; sourceTree = "<group>"; };
		C4992F002535A9C40022D42F /* Info.plist */ = {isa = PBXFileReference; lastKnownFileType = text.plist.xml; path = Info.plist; sourceTree = "<group>"; };
		C4992F052535A9C40022D42F /* DesignCodeRecordTests.xctest */ = {isa = PBXFileReference; explicitFileType = wrapper.cfbundle; includeInIndex = 0; path = DesignCodeRecordTests.xctest; sourceTree = BUILT_PRODUCTS_DIR; };
		C4992F092535A9C40022D42F /* DesignCodeRecordTests.swift */ = {isa = PBXFileReference; lastKnownFileType = sourcecode.swift; path = DesignCodeRecordTests.swift; sourceTree = "<group>"; };
		C4992F0B2535A9C40022D42F /* Info.plist */ = {isa = PBXFileReference; lastKnownFileType = text.plist.xml; path = Info.plist; sourceTree = "<group>"; };
		C4992F102535A9C40022D42F /* DesignCodeRecordUITests.xctest */ = {isa = PBXFileReference; explicitFileType = wrapper.cfbundle; includeInIndex = 0; path = DesignCodeRecordUITests.xctest; sourceTree = BUILT_PRODUCTS_DIR; };
		C4992F142535A9C40022D42F /* DesignCodeRecordUITests.swift */ = {isa = PBXFileReference; lastKnownFileType = sourcecode.swift; path = DesignCodeRecordUITests.swift; sourceTree = "<group>"; };
		C4992F162535A9C40022D42F /* Info.plist */ = {isa = PBXFileReference; lastKnownFileType = text.plist.xml; path = Info.plist; sourceTree = "<group>"; };
/* End PBXFileReference section */

/* Begin PBXFrameworksBuildPhase section */
		C4992EF12535A9C30022D42F /* Frameworks */ = {
			isa = PBXFrameworksBuildPhase;
			buildActionMask = 2147483647;
			files = (
			);
			runOnlyForDeploymentPostprocessing = 0;
		};
		C4992F022535A9C40022D42F /* Frameworks */ = {
			isa = PBXFrameworksBuildPhase;
			buildActionMask = 2147483647;
			files = (
			);
			runOnlyForDeploymentPostprocessing = 0;
		};
		C4992F0D2535A9C40022D42F /* Frameworks */ = {
			isa = PBXFrameworksBuildPhase;
			buildActionMask = 2147483647;
			files = (
			);
			runOnlyForDeploymentPostprocessing = 0;
		};
/* End PBXFrameworksBuildPhase section */

/* Begin PBXGroup section */
		C4992EEB2535A9C30022D42F = {
			isa = PBXGroup;
			children = (
				C4992EF62535A9C30022D42F /* DesignCodeRecord */,
				C4992F082535A9C40022D42F /* DesignCodeRecordTests */,
				C4992F132535A9C40022D42F /* DesignCodeRecordUITests */,
				C4992EF52535A9C30022D42F /* Products */,
			);
			sourceTree = "<group>";
		};
		C4992EF52535A9C30022D42F /* Products */ = {
			isa = PBXGroup;
			children = (
				C4992EF42535A9C30022D42F /* DesignCodeRecord.app */,
				C4992F052535A9C40022D42F /* DesignCodeRecordTests.xctest */,
				C4992F102535A9C40022D42F /* DesignCodeRecordUITests.xctest */,
			);
			name = Products;
			sourceTree = "<group>";
		};
		C4992EF62535A9C30022D42F /* DesignCodeRecord */ = {
			isa = PBXGroup;
			children = (
				C4992EF72535A9C30022D42F /* DesignCodeRecordApp.swift */,
				C4992EF92535A9C30022D42F /* ContentView.swift */,
				C4992EFB2535A9C40022D42F /* Assets.xcassets */,
				C4992F002535A9C40022D42F /* Info.plist */,
				C4992EFD2535A9C40022D42F /* Preview Content */,
			);
			path = DesignCodeRecord;
			sourceTree = "<group>";
		};
		C4992EFD2535A9C40022D42F /* Preview Content */ = {
			isa = PBXGroup;
			children = (
				C4992EFE2535A9C40022D42F /* Preview Assets.xcassets */,
			);
			path = "Preview Content";
			sourceTree = "<group>";
		};
		C4992F082535A9C40022D42F /* DesignCodeRecordTests */ = {
			isa = PBXGroup;
			children = (
				C4992F092535A9C40022D42F /* DesignCodeRecordTests.swift */,
				C4992F0B2535A9C40022D42F /* Info.plist */,
			);
			path = DesignCodeRecordTests;
			sourceTree = "<group>";
		};
		C4992F132535A9C40022D42F /* DesignCodeRecordUITests */ = {
			isa = PBXGroup;
			children = (
				C4992F142535A9C40022D42F /* DesignCodeRecordUITests.swift */,
				C4992F162535A9C40022D42F /* Info.plist */,
			);
			path = DesignCodeRecordUITests;
			sourceTree = "<group>";
		};
/* End PBXGroup section */

/* Begin PBXNativeTarget section */
		C4992EF32535A9C30022D42F /* DesignCodeRecord */ = {
			isa = PBXNativeTarget;
			buildConfigurationList = C4992F192535A9C40022D42F /* Build configuration list for PBXNativeTarget "DesignCodeRecord" */;
			buildPhases = (
				C4992EF02535A9C30022D42F /* Sources */,
				C4992EF12535A9C30022D42F /* Frameworks */,
				C4992EF22535A9C30022D42F /* Resources */,
			);
			buildRules = (
			);
			dependencies = (
			);
			name = DesignCodeRecord;
			productName = DesignCodeRecord;
			productReference = C4992EF42535A9C30022D42F /* DesignCodeRecord.app */;
			productType = "com.apple.product-type.application";
		};
		C4992F042535A9C40022D42F /* DesignCodeRecordTests */ = {
			isa = PBXNativeTarget;
			buildConfigurationList = C4992F1C2535A9C40022D42F /* Build configuration list for PBXNativeTarget "DesignCodeRecordTests" */;
			buildPhases = (
				C4992F012535A9C40022D42F /* Sources */,
				C4992F022535A9C40022D42F /* Frameworks */,
				C4992F032535A9C40022D42F /* Resources */,
			);
			buildRules = (
			);
			dependencies = (
				C4992F072535A9C40022D42F /* PBXTargetDependency */,
			);
			name = DesignCodeRecordTests;
			productName = DesignCodeRecordTests;
			productReference = C4992F052535A9C40022D42F /* DesignCodeRecordTests.xctest */;
			productType = "com.apple.product-type.bundle.unit-test";
		};
		C4992F0F2535A9C40022D42F /* DesignCodeRecordUITests */ = {
			isa = PBXNativeTarget;
			buildConfigurationList = C4992F1F2535A9C40022D42F /* Build configuration list for PBXNativeTarget "DesignCodeRecordUITests" */;
			buildPhases = (
				C4992F0C2535A9C40022D42F /* Sources */,
				C4992F0D2535A9C40022D42F /* Frameworks */,
				C4992F0E2535A9C40022D42F /* Resources */,
			);
			buildRules = (
			);
			dependencies = (
				C4992F122535A9C40022D42F /* PBXTargetDependency */,
			);
			name = DesignCodeRecordUITests;
			productName = DesignCodeRecordUITests;
			productReference = C4992F102535A9C40022D42F /* DesignCodeRecordUITests.xctest */;
			productType = "com.apple.product-type.bundle.ui-testing";
		};
/* End PBXNativeTarget section */

/* Begin PBXProject section */
		C4992EEC2535A9C30022D42F /* Project object */ = {
			isa = PBXProject;
			attributes = {
				LastSwiftUpdateCheck = 1200;
				LastUpgradeCheck = 1200;
				TargetAttributes = {
					C4992EF32535A9C30022D42F = {
						CreatedOnToolsVersion = 12.0;
					};
					C4992F042535A9C40022D42F = {
						CreatedOnToolsVersion = 12.0;
						TestTargetID = C4992EF32535A9C30022D42F;
					};
					C4992F0F2535A9C40022D42F = {
						CreatedOnToolsVersion = 12.0;
						TestTargetID = C4992EF32535A9C30022D42F;
					};
				};
			};
			buildConfigurationList = C4992EEF2535A9C30022D42F /* Build configuration list for PBXProject "DesignCodeRecord" */;
			compatibilityVersion = "Xcode 9.3";
			developmentRegion = en;
			hasScannedForEncodings = 0;
			knownRegions = (
				en,
				Base,
			);
			mainGroup = C4992EEB2535A9C30022D42F;
			productRefGroup = C4992EF52535A9C30022D42F /* Products */;
			projectDirPath = "";
			projectRoot = "";
			targets = (
				C4992EF32535A9C30022D42F /* DesignCodeRecord */,
				C4992F042535A9C40022D42F /* DesignCodeRecordTests */,
				C4992F0F2535A9C40022D42F /* DesignCodeRecordUITests */,
			);
		};
/* End PBXProject section */

/* Begin PBXResourcesBuildPhase section */
		C4992EF22535A9C30022D42F /* Resources */ = {
			isa = PBXResourcesBuildPhase;
			buildActionMask = 2147483647;
			files = (
				C4992EFF2535A9C40022D42F /* Preview Assets.xcassets in Resources */,
				C4992EFC2535A9C40022D42F /* Assets.xcassets in Resources */,
			);
			runOnlyForDeploymentPostprocessing = 0;
		};
		C4992F032535A9C40022D42F /* Resources */ = {
			isa = PBXResourcesBuildPhase;
			buildActionMask = 2147483647;
			files = (
			);
			runOnlyForDeploymentPostprocessing = 0;
		};
		C4992F0E2535A9C40022D42F /* Resources */ = {
			isa = PBXResourcesBuildPhase;
			buildActionMask = 2147483647;
			files = (
			);
			runOnlyForDeploymentPostprocessing = 0;
		};
/* End PBXResourcesBuildPhase section */

/* Begin PBXSourcesBuildPhase section */
		C4992EF02535A9C30022D42F /* Sources */ = {
			isa = PBXSourcesBuildPhase;
			buildActionMask = 2147483647;
			files = (
				C4992EFA2535A9C30022D42F /* ContentView.swift in Sources */,
				C4992EF82535A9C30022D42F /* DesignCodeRecordApp.swift in Sources */,
			);
			runOnlyForDeploymentPostprocessing = 0;
		};
		C4992F012535A9C40022D42F /* Sources */ = {
			isa = PBXSourcesBuildPhase;
			buildActionMask = 2147483647;
			files = (
				C4992F0A2535A9C40022D42F /* DesignCodeRecordTests.swift in Sources */,
			);
			runOnlyForDeploymentPostprocessing = 0;
		};
		C4992F0C2535A9C40022D42F /* Sources */ = {
			isa = PBXSourcesBuildPhase;
			buildActionMask = 2147483647;
			files = (
				C4992F152535A9C40022D42F /* DesignCodeRecordUITests.swift in Sources */,
			);
			runOnlyForDeploymentPostprocessing = 0;
		};
/* End PBXSourcesBuildPhase section */

/* Begin PBXTargetDependency section */
		C4992F072535A9C40022D42F /* PBXTargetDependency */ = {
			isa = PBXTargetDependency;
			target = C4992EF32535A9C30022D42F /* DesignCodeRecord */;
			targetProxy = C4992F062535A9C40022D42F /* PBXContainerItemProxy */;
		};
		C4992F122535A9C40022D42F /* PBXTargetDependency */ = {
			isa = PBXTargetDependency;
			target = C4992EF32535A9C30022D42F /* DesignCodeRecord */;
			targetProxy = C4992F112535A9C40022D42F /* PBXContainerItemProxy */;
		};
/* End PBXTargetDependency section */

/* Begin XCBuildConfiguration section */
		C4992F172535A9C40022D42F /* Debug */ = {
			isa = XCBuildConfiguration;
			buildSettings = {
				ALWAYS_SEARCH_USER_PATHS = NO;
				CLANG_ANALYZER_NONNULL = YES;
				CLANG_ANALYZER_NUMBER_OBJECT_CONVERSION = YES_AGGRESSIVE;
				CLANG_CXX_LANGUAGE_STANDARD = "gnu++14";
				CLANG_CXX_LIBRARY = "libc++";
				CLANG_ENABLE_MODULES = YES;
				CLANG_ENABLE_OBJC_ARC = YES;
				CLANG_ENABLE_OBJC_WEAK = YES;
				CLANG_WARN_BLOCK_CAPTURE_AUTORELEASING = YES;
				CLANG_WARN_BOOL_CONVERSION = YES;
				CLANG_WARN_COMMA = YES;
				CLANG_WARN_CONSTANT_CONVERSION = YES;
				CLANG_WARN_DEPRECATED_OBJC_IMPLEMENTATIONS = YES;
				CLANG_WARN_DIRECT_OBJC_ISA_USAGE = YES_ERROR;
				CLANG_WARN_DOCUMENTATION_COMMENTS = YES;
				CLANG_WARN_EMPTY_BODY = YES;
				CLANG_WARN_ENUM_CONVERSION = YES;
				CLANG_WARN_INFINITE_RECURSION = YES;
				CLANG_WARN_INT_CONVERSION = YES;
				CLANG_WARN_NON_LITERAL_NULL_CONVERSION = YES;
				CLANG_WARN_OBJC_IMPLICIT_RETAIN_SELF = YES;
				CLANG_WARN_OBJC_LITERAL_CONVERSION = YES;
				CLANG_WARN_OBJC_ROOT_CLASS = YES_ERROR;
				CLANG_WARN_QUOTED_INCLUDE_IN_FRAMEWORK_HEADER = YES;
				CLANG_WARN_RANGE_LOOP_ANALYSIS = YES;
				CLANG_WARN_STRICT_PROTOTYPES = YES;
				CLANG_WARN_SUSPICIOUS_MOVE = YES;
				CLANG_WARN_UNGUARDED_AVAILABILITY = YES_AGGRESSIVE;
				CLANG_WARN_UNREACHABLE_CODE = YES;
				CLANG_WARN__DUPLICATE_METHOD_MATCH = YES;
				COPY_PHASE_STRIP = NO;
				DEBUG_INFORMATION_FORMAT = dwarf;
				ENABLE_STRICT_OBJC_MSGSEND = YES;
				ENABLE_TESTABILITY = YES;
				GCC_C_LANGUAGE_STANDARD = gnu11;
				GCC_DYNAMIC_NO_PIC = NO;
				GCC_NO_COMMON_BLOCKS = YES;
				GCC_OPTIMIZATION_LEVEL = 0;
				GCC_PREPROCESSOR_DEFINITIONS = (
					"DEBUG=1",
					"$(inherited)",
				);
				GCC_WARN_64_TO_32_BIT_CONVERSION = YES;
				GCC_WARN_ABOUT_RETURN_TYPE = YES_ERROR;
				GCC_WARN_UNDECLARED_SELECTOR = YES;
				GCC_WARN_UNINITIALIZED_AUTOS = YES_AGGRESSIVE;
				GCC_WARN_UNUSED_FUNCTION = YES;
				GCC_WARN_UNUSED_VARIABLE = YES;
				IPHONEOS_DEPLOYMENT_TARGET = 14.0;
				MTL_ENABLE_DEBUG_INFO = INCLUDE_SOURCE;
				MTL_FAST_MATH = YES;
				ONLY_ACTIVE_ARCH = YES;
				SDKROOT = iphoneos;
				SWIFT_ACTIVE_COMPILATION_CONDITIONS = DEBUG;
				SWIFT_OPTIMIZATION_LEVEL = "-Onone";
			};
			name = Debug;
		};
		C4992F182535A9C40022D42F /* Release */ = {
			isa = XCBuildConfiguration;
			buildSettings = {
				ALWAYS_SEARCH_USER_PATHS = NO;
				CLANG_ANALYZER_NONNULL = YES;
				CLANG_ANALYZER_NUMBER_OBJECT_CONVERSION = YES_AGGRESSIVE;
				CLANG_CXX_LANGUAGE_STANDARD = "gnu++14";
				CLANG_CXX_LIBRARY = "libc++";
				CLANG_ENABLE_MODULES = YES;
				CLANG_ENABLE_OBJC_ARC = YES;
				CLANG_ENABLE_OBJC_WEAK = YES;
				CLANG_WARN_BLOCK_CAPTURE_AUTORELEASING = YES;
				CLANG_WARN_BOOL_CONVERSION = YES;
				CLANG_WARN_COMMA = YES;
				CLANG_WARN_CONSTANT_CONVERSION = YES;
				CLANG_WARN_DEPRECATED_OBJC_IMPLEMENTATIONS = YES;
				CLANG_WARN_DIRECT_OBJC_ISA_USAGE = YES_ERROR;
				CLANG_WARN_DOCUMENTATION_COMMENTS = YES;
				CLANG_WARN_EMPTY_BODY = YES;
				CLANG_WARN_ENUM_CONVERSION = YES;
				CLANG_WARN_INFINITE_RECURSION = YES;
				CLANG_WARN_INT_CONVERSION = YES;
				CLANG_WARN_NON_LITERAL_NULL_CONVERSION = YES;
				CLANG_WARN_OBJC_IMPLICIT_RETAIN_SELF = YES;
				CLANG_WARN_OBJC_LITERAL_CONVERSION = YES;
				CLANG_WARN_OBJC_ROOT_CLASS = YES_ERROR;
				CLANG_WARN_QUOTED_INCLUDE_IN_FRAMEWORK_HEADER = YES;
				CLANG_WARN_RANGE_LOOP_ANALYSIS = YES;
				CLANG_WARN_STRICT_PROTOTYPES = YES;
				CLANG_WARN_SUSPICIOUS_MOVE = YES;
				CLANG_WARN_UNGUARDED_AVAILABILITY = YES_AGGRESSIVE;
				CLANG_WARN_UNREACHABLE_CODE = YES;
				CLANG_WARN__DUPLICATE_METHOD_MATCH = YES;
				COPY_PHASE_STRIP = NO;
				DEBUG_INFORMATION_FORMAT = "dwarf-with-dsym";
				ENABLE_NS_ASSERTIONS = NO;
				ENABLE_STRICT_OBJC_MSGSEND = YES;
				GCC_C_LANGUAGE_STANDARD = gnu11;
				GCC_NO_COMMON_BLOCKS = YES;
				GCC_WARN_64_TO_32_BIT_CONVERSION = YES;
				GCC_WARN_ABOUT_RETURN_TYPE = YES_ERROR;
				GCC_WARN_UNDECLARED_SELECTOR = YES;
				GCC_WARN_UNINITIALIZED_AUTOS = YES_AGGRESSIVE;
				GCC_WARN_UNUSED_FUNCTION = YES;
				GCC_WARN_UNUSED_VARIABLE = YES;
				IPHONEOS_DEPLOYMENT_TARGET = 14.0;
				MTL_ENABLE_DEBUG_INFO = NO;
				MTL_FAST_MATH = YES;
				SDKROOT = iphoneos;
				SWIFT_COMPILATION_MODE = wholemodule;
				SWIFT_OPTIMIZATION_LEVEL = "-O";
				VALIDATE_PRODUCT = YES;
			};
			name = Release;
		};
		C4992F1A2535A9C40022D42F /* Debug */ = {
			isa = XCBuildConfiguration;
			buildSettings = {
				ASSETCATALOG_COMPILER_APPICON_NAME = AppIcon;
				ASSETCATALOG_COMPILER_GLOBAL_ACCENT_COLOR_NAME = AccentColor;
				CODE_SIGN_STYLE = Automatic;
				DEVELOPMENT_ASSET_PATHS = "\"DesignCodeRecord/Preview Content\"";
				DEVELOPMENT_TEAM = VUG5Z8PJG6;
				ENABLE_PREVIEWS = YES;
				INFOPLIST_FILE = DesignCodeRecord/Info.plist;
				IPHONEOS_DEPLOYMENT_TARGET = 14.0;
				LD_RUNPATH_SEARCH_PATHS = (
					"$(inherited)",
					"@executable_path/Frameworks",
				);
				PRODUCT_BUNDLE_IDENTIFIER = com.shiwei93.DesignCodeRecord;
				PRODUCT_NAME = "$(TARGET_NAME)";
				SWIFT_VERSION = 5.0;
				TARGETED_DEVICE_FAMILY = "1,2";
			};
			name = Debug;
		};
		C4992F1B2535A9C40022D42F /* Release */ = {
			isa = XCBuildConfiguration;
			buildSettings = {
				ASSETCATALOG_COMPILER_APPICON_NAME = AppIcon;
				ASSETCATALOG_COMPILER_GLOBAL_ACCENT_COLOR_NAME = AccentColor;
				CODE_SIGN_STYLE = Automatic;
				DEVELOPMENT_ASSET_PATHS = "\"DesignCodeRecord/Preview Content\"";
				DEVELOPMENT_TEAM = VUG5Z8PJG6;
				ENABLE_PREVIEWS = YES;
				INFOPLIST_FILE = DesignCodeRecord/Info.plist;
				IPHONEOS_DEPLOYMENT_TARGET = 14.0;
				LD_RUNPATH_SEARCH_PATHS = (
					"$(inherited)",
					"@executable_path/Frameworks",
				);
				PRODUCT_BUNDLE_IDENTIFIER = com.shiwei93.DesignCodeRecord;
				PRODUCT_NAME = "$(TARGET_NAME)";
				SWIFT_VERSION = 5.0;
				TARGETED_DEVICE_FAMILY = "1,2";
			};
			name = Release;
		};
		C4992F1D2535A9C40022D42F /* Debug */ = {
			isa = XCBuildConfiguration;
			buildSettings = {
				ALWAYS_EMBED_SWIFT_STANDARD_LIBRARIES = YES;
				BUNDLE_LOADER = "$(TEST_HOST)";
				CODE_SIGN_STYLE = Automatic;
				DEVELOPMENT_TEAM = VUG5Z8PJG6;
				INFOPLIST_FILE = DesignCodeRecordTests/Info.plist;
				IPHONEOS_DEPLOYMENT_TARGET = 14.0;
				LD_RUNPATH_SEARCH_PATHS = (
					"$(inherited)",
					"@executable_path/Frameworks",
					"@loader_path/Frameworks",
				);
				PRODUCT_BUNDLE_IDENTIFIER = com.shiwei93.DesignCodeRecordTests;
				PRODUCT_NAME = "$(TARGET_NAME)";
				SWIFT_VERSION = 5.0;
				TARGETED_DEVICE_FAMILY = "1,2";
				TEST_HOST = "$(BUILT_PRODUCTS_DIR)/DesignCodeRecord.app/DesignCodeRecord";
			};
			name = Debug;
		};
		C4992F1E2535A9C40022D42F /* Release */ = {
			isa = XCBuildConfiguration;
			buildSettings = {
				ALWAYS_EMBED_SWIFT_STANDARD_LIBRARIES = YES;
				BUNDLE_LOADER = "$(TEST_HOST)";
				CODE_SIGN_STYLE = Automatic;
				DEVELOPMENT_TEAM = VUG5Z8PJG6;
				INFOPLIST_FILE = DesignCodeRecordTests/Info.plist;
				IPHONEOS_DEPLOYMENT_TARGET = 14.0;
				LD_RUNPATH_SEARCH_PATHS = (
					"$(inherited)",
					"@executable_path/Frameworks",
					"@loader_path/Frameworks",
				);
				PRODUCT_BUNDLE_IDENTIFIER = com.shiwei93.DesignCodeRecordTests;
				PRODUCT_NAME = "$(TARGET_NAME)";
				SWIFT_VERSION = 5.0;
				TARGETED_DEVICE_FAMILY = "1,2";
				TEST_HOST = "$(BUILT_PRODUCTS_DIR)/DesignCodeRecord.app/DesignCodeRecord";
			};
			name = Release;
		};
		C4992F202535A9C40022D42F /* Debug */ = {
			isa = XCBuildConfiguration;
			buildSettings = {
				ALWAYS_EMBED_SWIFT_STANDARD_LIBRARIES = YES;
				CODE_SIGN_STYLE = Automatic;
				DEVELOPMENT_TEAM = VUG5Z8PJG6;
				INFOPLIST_FILE = DesignCodeRecordUITests/Info.plist;
				LD_RUNPATH_SEARCH_PATHS = (
					"$(inherited)",
					"@executable_path/Frameworks",
					"@loader_path/Frameworks",
				);
				PRODUCT_BUNDLE_IDENTIFIER = com.shiwei93.DesignCodeRecordUITests;
				PRODUCT_NAME = "$(TARGET_NAME)";
				SWIFT_VERSION = 5.0;
				TARGETED_DEVICE_FAMILY = "1,2";
				TEST_TARGET_NAME = DesignCodeRecord;
			};
			name = Debug;
		};
		C4992F212535A9C40022D42F /* Release */ = {
			isa = XCBuildConfiguration;
			buildSettings = {
				ALWAYS_EMBED_SWIFT_STANDARD_LIBRARIES = YES;
				CODE_SIGN_STYLE = Automatic;
				DEVELOPMENT_TEAM = VUG5Z8PJG6;
				INFOPLIST_FILE = DesignCodeRecordUITests/Info.plist;
				LD_RUNPATH_SEARCH_PATHS = (
					"$(inherited)",
					"@executable_path/Frameworks",
					"@loader_path/Frameworks",
				);
				PRODUCT_BUNDLE_IDENTIFIER = com.shiwei93.DesignCodeRecordUITests;
				PRODUCT_NAME = "$(TARGET_NAME)";
				SWIFT_VERSION = 5.0;
				TARGETED_DEVICE_FAMILY = "1,2";
				TEST_TARGET_NAME = DesignCodeRecord;
			};
			name = Release;
		};
/* End XCBuildConfiguration section */

/* Begin XCConfigurationList section */
		C4992EEF2535A9C30022D42F /* Build configuration list for PBXProject "DesignCodeRecord" */ = {
			isa = XCConfigurationList;
			buildConfigurations = (
				C4992F172535A9C40022D42F /* Debug */,
				C4992F182535A9C40022D42F /* Release */,
			);
			defaultConfigurationIsVisible = 0;
			defaultConfigurationName = Release;
		};
		C4992F192535A9C40022D42F /* Build configuration list for PBXNativeTarget "DesignCodeRecord" */ = {
			isa = XCConfigurationList;
			buildConfigurations = (
				C4992F1A2535A9C40022D42F /* Debug */,
				C4992F1B2535A9C40022D42F /* Release */,
			);
			defaultConfigurationIsVisible = 0;
			defaultConfigurationName = Release;
		};
		C4992F1C2535A9C40022D42F /* Build configuration list for PBXNativeTarget "DesignCodeRecordTests" */ = {
			isa = XCConfigurationList;
			buildConfigurations = (
				C4992F1D2535A9C40022D42F /* Debug */,
				C4992F1E2535A9C40022D42F /* Release */,
			);
			defaultConfigurationIsVisible = 0;
			defaultConfigurationName = Release;
		};
		C4992F1F2535A9C40022D42F /* Build configuration list for PBXNativeTarget "DesignCodeRecordUITests" */ = {
			isa = XCConfigurationList;
			buildConfigurations = (
				C4992F202535A9C40022D42F /* Debug */,
				C4992F212535A9C40022D42F /* Release */,
			);
			defaultConfigurationIsVisible = 0;
			defaultConfigurationName = Release;
		};
/* End XCConfigurationList section */
	};
	rootObject = C4992EEC2535A9C30022D42F /* Project object */;
}
